
Microsoft Visual Studio Solution File, Format Version 12.00
# Visual Studio Version 16
VisualStudioVersion = 16.0.810.15
MinimumVisualStudioVersion = 10.0.40219.1
Project("{FAE04EC0-301F-11D3-BF4B-00C04F79EFBC}") = "ObjectConfig", "ObjectConfig\ObjectConfig.csproj", "{3E21B52A-0F25-4B1D-947D-0BED2B732259}"
EndProject
Global
	GlobalSection(SolutionConfigurationPlatforms) = preSolution
		Debug|Any CPU = Debug|Any CPU
		Release|Any CPU = Release|Any CPU
	EndGlobalSection
	GlobalSection(ProjectConfigurationPlatforms) = postSolution
		{3E21B52A-0F25-4B1D-947D-0BED2B732259}.Debug|Any CPU.ActiveCfg = Debug|Any CPU
		{3E21B52A-0F25-4B1D-947D-0BED2B732259}.Debug|Any CPU.Build.0 = Debug|Any CPU
		{3E21B52A-0F25-4B1D-947D-0BED2B732259}.Release|Any CPU.ActiveCfg = Release|Any CPU
		{3E21B52A-0F25-4B1D-947D-0BED2B732259}.Release|Any CPU.Build.0 = Release|Any CPU
	EndGlobalSection
	GlobalSection(SolutionProperties) = preSolution
		HideSolutionNode = FALSE
	EndGlobalSection
	GlobalSection(ExtensibilityGlobals) = postSolution
		SolutionGuid = {6551952D-5DAD-45AC-935B-4342E2F84095}
	EndGlobalSection
EndGlobal
